
Microsoft Visual Studio Solution File, Format Version 12.00
# Visual Studio Version 17
VisualStudioVersion = 17.3.32611.2
MinimumVisualStudioVersion = 10.0.40219.1
Project("{9A19103F-16F7-4668-BE54-9A1E7A4F7556}") = "Core", "Core\Core.csproj", "{BE4922D2-08AF-437B-B8C9-C671D5F5B1BA}"
EndProject
Project("{9A19103F-16F7-4668-BE54-9A1E7A4F7556}") = "UnitTests", "UnitTests\UnitTests.csproj", "{B839617D-F26D-4256-B4FC-E36320802B13}"
EndProject
Project("{2150E333-8FDC-42A3-9474-1A3956D46DE8}") = "Solution Items", "Solution Items", "{FBE145BD-737C-47A5-BA88-A50ABAA81729}"
	ProjectSection(SolutionItems) = preProject
		.editorconfig = .editorconfig
		..\azure-pipelines.yml = ..\azure-pipelines.yml
		..\build.bat = ..\build.bat
		..\build.ps1 = ..\build.ps1
		..\BuildFunctions.ps1 = ..\BuildFunctions.ps1
		..\click_to_build.bat = ..\click_to_build.bat
		..\.github\workflows\dotnet.yml = ..\.github\workflows\dotnet.yml
		..\global.json = ..\global.json
		..\PrivateBuild.ps1 = ..\PrivateBuild.ps1
		..\README.md = ..\README.md
	EndProjectSection
EndProject
Project("{2150E333-8FDC-42A3-9474-1A3956D46DE8}") = "arch", "arch", "{20334D25-873D-49F0-A78B-003AB1D7D783}"
	ProjectSection(SolutionItems) = preProject
		..\arch\arch-c4-class-domain-model.puml = ..\arch\arch-c4-class-domain-model.puml
		..\arch\arch-c4-component-project-dependencies.puml = ..\arch\arch-c4-component-project-dependencies.puml
		..\arch\arch-c4-container-deployment.puml = ..\arch\arch-c4-container-deployment.puml
		..\arch\arch-c4-system.puml = ..\arch\arch-c4-system.puml
		..\arch\PlantUMLSetup.ps1 = ..\arch\PlantUMLSetup.ps1
		..\arch\SolutionStructure.png = ..\arch\SolutionStructure.png
	EndProjectSection
EndProject
Project("{9A19103F-16F7-4668-BE54-9A1E7A4F7556}") = "Database", "Database\Database.csproj", "{A1CAEE0D-32BC-46C9-9A91-A8E4B09F7875}"
EndProject
Project("{9A19103F-16F7-4668-BE54-9A1E7A4F7556}") = "IntegrationTests", "IntegrationTests\IntegrationTests.csproj", "{E0A4C832-C5DB-44DA-9F9D-A1BF5761D361}"
EndProject
Project("{9A19103F-16F7-4668-BE54-9A1E7A4F7556}") = "DataAccess", "DataAccess\DataAccess.csproj", "{637272DF-9DDB-420B-A3D1-174EB89DAD52}"
EndProject
Project("{9A19103F-16F7-4668-BE54-9A1E7A4F7556}") = "UI.Server", "UI\Server\UI.Server.csproj", "{752D3747-AA3A-488E-A612-82519E3656E4}"
EndProject
Project("{9A19103F-16F7-4668-BE54-9A1E7A4F7556}") = "UI.Client", "UI\Client\UI.Client.csproj", "{E39B94C7-B569-444E-900A-5B43848D11EC}"
EndProject
Project("{9A19103F-16F7-4668-BE54-9A1E7A4F7556}") = "UI.Api", "UI\Api\UI.Api.csproj", "{C1F774AE-0D4F-4377-BEB4-77C89CB56F05}"
EndProject
Project("{9A19103F-16F7-4668-BE54-9A1E7A4F7556}") = "AcceptanceTests", "AcceptanceTests\AcceptanceTests.csproj", "{803119BF-5B57-432B-962B-E34BBC014F65}"
EndProject
Global
	GlobalSection(SolutionConfigurationPlatforms) = preSolution
		Debug|Any CPU = Debug|Any CPU
		Release|Any CPU = Release|Any CPU
	EndGlobalSection
	GlobalSection(ProjectConfigurationPlatforms) = postSolution
		{BE4922D2-08AF-437B-B8C9-C671D5F5B1BA}.Debug|Any CPU.ActiveCfg = Debug|Any CPU
		{BE4922D2-08AF-437B-B8C9-C671D5F5B1BA}.Debug|Any CPU.Build.0 = Debug|Any CPU
		{BE4922D2-08AF-437B-B8C9-C671D5F5B1BA}.Release|Any CPU.ActiveCfg = Release|Any CPU
		{BE4922D2-08AF-437B-B8C9-C671D5F5B1BA}.Release|Any CPU.Build.0 = Release|Any CPU
		{B839617D-F26D-4256-B4FC-E36320802B13}.Debug|Any CPU.ActiveCfg = Debug|Any CPU
		{B839617D-F26D-4256-B4FC-E36320802B13}.Debug|Any CPU.Build.0 = Debug|Any CPU
		{B839617D-F26D-4256-B4FC-E36320802B13}.Release|Any CPU.ActiveCfg = Release|Any CPU
		{B839617D-F26D-4256-B4FC-E36320802B13}.Release|Any CPU.Build.0 = Release|Any CPU
		{A1CAEE0D-32BC-46C9-9A91-A8E4B09F7875}.Debug|Any CPU.ActiveCfg = Debug|Any CPU
		{A1CAEE0D-32BC-46C9-9A91-A8E4B09F7875}.Debug|Any CPU.Build.0 = Debug|Any CPU
		{A1CAEE0D-32BC-46C9-9A91-A8E4B09F7875}.Release|Any CPU.ActiveCfg = Release|Any CPU
		{A1CAEE0D-32BC-46C9-9A91-A8E4B09F7875}.Release|Any CPU.Build.0 = Release|Any CPU
		{E0A4C832-C5DB-44DA-9F9D-A1BF5761D361}.Debug|Any CPU.ActiveCfg = Debug|Any CPU
		{E0A4C832-C5DB-44DA-9F9D-A1BF5761D361}.Debug|Any CPU.Build.0 = Debug|Any CPU
		{E0A4C832-C5DB-44DA-9F9D-A1BF5761D361}.Release|Any CPU.ActiveCfg = Release|Any CPU
		{E0A4C832-C5DB-44DA-9F9D-A1BF5761D361}.Release|Any CPU.Build.0 = Release|Any CPU
		{637272DF-9DDB-420B-A3D1-174EB89DAD52}.Debug|Any CPU.ActiveCfg = Debug|Any CPU
		{637272DF-9DDB-420B-A3D1-174EB89DAD52}.Debug|Any CPU.Build.0 = Debug|Any CPU
		{637272DF-9DDB-420B-A3D1-174EB89DAD52}.Release|Any CPU.ActiveCfg = Release|Any CPU
		{637272DF-9DDB-420B-A3D1-174EB89DAD52}.Release|Any CPU.Build.0 = Release|Any CPU
		{752D3747-AA3A-488E-A612-82519E3656E4}.Debug|Any CPU.ActiveCfg = Debug|Any CPU
		{752D3747-AA3A-488E-A612-82519E3656E4}.Debug|Any CPU.Build.0 = Debug|Any CPU
		{752D3747-AA3A-488E-A612-82519E3656E4}.Release|Any CPU.ActiveCfg = Release|Any CPU
		{752D3747-AA3A-488E-A612-82519E3656E4}.Release|Any CPU.Build.0 = Release|Any CPU
		{E39B94C7-B569-444E-900A-5B43848D11EC}.Debug|Any CPU.ActiveCfg = Debug|Any CPU
		{E39B94C7-B569-444E-900A-5B43848D11EC}.Debug|Any CPU.Build.0 = Debug|Any CPU
		{E39B94C7-B569-444E-900A-5B43848D11EC}.Release|Any CPU.ActiveCfg = Release|Any CPU
		{E39B94C7-B569-444E-900A-5B43848D11EC}.Release|Any CPU.Build.0 = Release|Any CPU
		{C1F774AE-0D4F-4377-BEB4-77C89CB56F05}.Debug|Any CPU.ActiveCfg = Debug|Any CPU
		{C1F774AE-0D4F-4377-BEB4-77C89CB56F05}.Debug|Any CPU.Build.0 = Debug|Any CPU
		{C1F774AE-0D4F-4377-BEB4-77C89CB56F05}.Release|Any CPU.ActiveCfg = Release|Any CPU
		{C1F774AE-0D4F-4377-BEB4-77C89CB56F05}.Release|Any CPU.Build.0 = Release|Any CPU
		{803119BF-5B57-432B-962B-E34BBC014F65}.Debug|Any CPU.ActiveCfg = Debug|Any CPU
		{803119BF-5B57-432B-962B-E34BBC014F65}.Debug|Any CPU.Build.0 = Debug|Any CPU
		{803119BF-5B57-432B-962B-E34BBC014F65}.Release|Any CPU.ActiveCfg = Release|Any CPU
		{803119BF-5B57-432B-962B-E34BBC014F65}.Release|Any CPU.Build.0 = Release|Any CPU
	EndGlobalSection
	GlobalSection(SolutionProperties) = preSolution
		HideSolutionNode = FALSE
	EndGlobalSection
	GlobalSection(ExtensibilityGlobals) = postSolution
		SolutionGuid = {80E6D3CD-1834-4E2A-B181-6FE21C60C60C}
	EndGlobalSection
EndGlobal
